
Microsoft Visual Studio Solution File, Format Version 12.00
# Visual Studio Version 17
VisualStudioVersion = 17.5.33516.290
MinimumVisualStudioVersion = 10.0.40219.1
Project("{FAE04EC0-301F-11D3-BF4B-00C04F79EFBC}") = "Business", "Business\Business.csproj", "{B7C725F6-8B94-49EE-B80A-EF2B8F3FFE01}"
EndProject
Project("{FAE04EC0-301F-11D3-BF4B-00C04F79EFBC}") = "DataAccess", "DataAccess\DataAccess.csproj", "{79D488F0-4C46-4C3F-B84C-F9B315D5B98D}"
EndProject
Project("{FAE04EC0-301F-11D3-BF4B-00C04F79EFBC}") = "Entities", "Entities\Entities.csproj", "{6D686D58-C57C-4900-942E-A7EE41EA4C48}"
EndProject
Project("{FAE04EC0-301F-11D3-BF4B-00C04F79EFBC}") = "Core", "Core\Core.csproj", "{79702200-63FF-439F-A443-CA2DE9DFF7D6}"
EndProject
Project("{FAE04EC0-301F-11D3-BF4B-00C04F79EFBC}") = "WebAPI", "WebAPI\WebAPI.csproj", "{978619F1-B6DE-4BDF-883F-13EF010182DD}"
EndProject
Global
	GlobalSection(SolutionConfigurationPlatforms) = preSolution
		Debug|Any CPU = Debug|Any CPU
		Release|Any CPU = Release|Any CPU
	EndGlobalSection
	GlobalSection(ProjectConfigurationPlatforms) = postSolution
		{B7C725F6-8B94-49EE-B80A-EF2B8F3FFE01}.Debug|Any CPU.ActiveCfg = Debug|Any CPU
		{B7C725F6-8B94-49EE-B80A-EF2B8F3FFE01}.Debug|Any CPU.Build.0 = Debug|Any CPU
		{B7C725F6-8B94-49EE-B80A-EF2B8F3FFE01}.Release|Any CPU.ActiveCfg = Release|Any CPU
		{B7C725F6-8B94-49EE-B80A-EF2B8F3FFE01}.Release|Any CPU.Build.0 = Release|Any CPU
		{79D488F0-4C46-4C3F-B84C-F9B315D5B98D}.Debug|Any CPU.ActiveCfg = Debug|Any CPU
		{79D488F0-4C46-4C3F-B84C-F9B315D5B98D}.Debug|Any CPU.Build.0 = Debug|Any CPU
		{79D488F0-4C46-4C3F-B84C-F9B315D5B98D}.Release|Any CPU.ActiveCfg = Release|Any CPU
		{79D488F0-4C46-4C3F-B84C-F9B315D5B98D}.Release|Any CPU.Build.0 = Release|Any CPU
		{6D686D58-C57C-4900-942E-A7EE41EA4C48}.Debug|Any CPU.ActiveCfg = Debug|Any CPU
		{6D686D58-C57C-4900-942E-A7EE41EA4C48}.Debug|Any CPU.Build.0 = Debug|Any CPU
		{6D686D58-C57C-4900-942E-A7EE41EA4C48}.Release|Any CPU.ActiveCfg = Release|Any CPU
		{6D686D58-C57C-4900-942E-A7EE41EA4C48}.Release|Any CPU.Build.0 = Release|Any CPU
		{79702200-63FF-439F-A443-CA2DE9DFF7D6}.Debug|Any CPU.ActiveCfg = Debug|Any CPU
		{79702200-63FF-439F-A443-CA2DE9DFF7D6}.Debug|Any CPU.Build.0 = Debug|Any CPU
		{79702200-63FF-439F-A443-CA2DE9DFF7D6}.Release|Any CPU.ActiveCfg = Release|Any CPU
		{79702200-63FF-439F-A443-CA2DE9DFF7D6}.Release|Any CPU.Build.0 = Release|Any CPU
		{978619F1-B6DE-4BDF-883F-13EF010182DD}.Debug|Any CPU.ActiveCfg = Debug|Any CPU
		{978619F1-B6DE-4BDF-883F-13EF010182DD}.Debug|Any CPU.Build.0 = Debug|Any CPU
		{978619F1-B6DE-4BDF-883F-13EF010182DD}.Release|Any CPU.ActiveCfg = Release|Any CPU
		{978619F1-B6DE-4BDF-883F-13EF010182DD}.Release|Any CPU.Build.0 = Release|Any CPU
	EndGlobalSection
	GlobalSection(SolutionProperties) = preSolution
		HideSolutionNode = FALSE
	EndGlobalSection
	GlobalSection(ExtensibilityGlobals) = postSolution
		SolutionGuid = {65FD8483-85FA-4600-BF83-2EAE45E82DE0}
	EndGlobalSection
EndGlobal
